
Microsoft Visual Studio Solution File, Format Version 12.00
# Visual Studio Version 16
VisualStudioVersion = 16.0.31205.134
MinimumVisualStudioVersion = 10.0.40219.1
Project("{FAE04EC0-301F-11D3-BF4B-00C04F79EFBC}") = "Desafio 1 - Capgemini", "Desafio 1 - Capgemini\Desafio 1 - Capgemini.csproj", "{679AA6C8-ADE3-4E11-B197-084B0E2BCB8C}"
EndProject
Global
	GlobalSection(SolutionConfigurationPlatforms) = preSolution
		Debug|Any CPU = Debug|Any CPU
		Release|Any CPU = Release|Any CPU
	EndGlobalSection
	GlobalSection(ProjectConfigurationPlatforms) = postSolution
		{679AA6C8-ADE3-4E11-B197-084B0E2BCB8C}.Debug|Any CPU.ActiveCfg = Debug|Any CPU
		{679AA6C8-ADE3-4E11-B197-084B0E2BCB8C}.Debug|Any CPU.Build.0 = Debug|Any CPU
		{679AA6C8-ADE3-4E11-B197-084B0E2BCB8C}.Release|Any CPU.ActiveCfg = Release|Any CPU
		{679AA6C8-ADE3-4E11-B197-084B0E2BCB8C}.Release|Any CPU.Build.0 = Release|Any CPU
	EndGlobalSection
	GlobalSection(SolutionProperties) = preSolution
		HideSolutionNode = FALSE
	EndGlobalSection
	GlobalSection(ExtensibilityGlobals) = postSolution
		SolutionGuid = {ADD7871E-04C3-4E86-AC13-1962352B9520}
	EndGlobalSection
EndGlobal
